// !$*UTF8*$!
{
	archiveVersion = 1;
	classes = {
	};
	objectVersion = 46;
	objects = {

/* Begin PBXBuildFile section */
		FDB23EF41985955000A91973 /* Foundation.framework in Frameworks */ = {isa = PBXBuildFile; fileRef = FDB23EF31985955000A91973 /* Foundation.framework */; };
		FDB23EF61985955000A91973 /* CoreGraphics.framework in Frameworks */ = {isa = PBXBuildFile; fileRef = FDB23EF51985955000A91973 /* CoreGraphics.framework */; };
		FDB23EF81985955000A91973 /* UIKit.framework in Frameworks */ = {isa = PBXBuildFile; fileRef = FDB23EF71985955000A91973 /* UIKit.framework */; };
		FDB23EFE1985955000A91973 /* InfoPlist.strings in Resources */ = {isa = PBXBuildFile; fileRef = FDB23EFC1985955000A91973 /* InfoPlist.strings */; };
		FDB23F001985955000A91973 /* main.m in Sources */ = {isa = PBXBuildFile; fileRef = FDB23EFF1985955000A91973 /* main.m */; };
		FDB23F041985955000A91973 /* DFAppDelegate.m in Sources */ = {isa = PBXBuildFile; fileRef = FDB23F031985955000A91973 /* DFAppDelegate.m */; };
		FDB23F071985955000A91973 /* Main.storyboard in Resources */ = {isa = PBXBuildFile; fileRef = FDB23F051985955000A91973 /* Main.storyboard */; };
		FDB23F0A1985955000A91973 /* DFViewController.m in Sources */ = {isa = PBXBuildFile; fileRef = FDB23F091985955000A91973 /* DFViewController.m */; };
		FDB23F0C1985955000A91973 /* Images.xcassets in Resources */ = {isa = PBXBuildFile; fileRef = FDB23F0B1985955000A91973 /* Images.xcassets */; };
		FDB23F131985955000A91973 /* XCTest.framework in Frameworks */ = {isa = PBXBuildFile; fileRef = FDB23F121985955000A91973 /* XCTest.framework */; };
		FDB23F141985955000A91973 /* Foundation.framework in Frameworks */ = {isa = PBXBuildFile; fileRef = FDB23EF31985955000A91973 /* Foundation.framework */; };
		FDB23F151985955000A91973 /* UIKit.framework in Frameworks */ = {isa = PBXBuildFile; fileRef = FDB23EF71985955000A91973 /* UIKit.framework */; };
		FDB23F1D1985955000A91973 /* InfoPlist.strings in Resources */ = {isa = PBXBuildFile; fileRef = FDB23F1B1985955000A91973 /* InfoPlist.strings */; };
		FDB23F1F1985955000A91973 /* Passing_Data_Challenge_SolutionTests.m in Sources */ = {isa = PBXBuildFile; fileRef = FDB23F1E1985955000A91973 /* Passing_Data_Challenge_SolutionTests.m */; };
		FDB23F2A1985966300A91973 /* DFDetailViewController.m in Sources */ = {isa = PBXBuildFile; fileRef = FDB23F291985966300A91973 /* DFDetailViewController.m */; };
/* End PBXBuildFile section */

/* Begin PBXContainerItemProxy section */
		FDB23F161985955000A91973 /* PBXContainerItemProxy */ = {
			isa = PBXContainerItemProxy;
			containerPortal = FDB23EE81985955000A91973 /* Project object */;
			proxyType = 1;
			remoteGlobalIDString = FDB23EEF1985955000A91973;
			remoteInfo = "Passing Data Challenge Solution";
		};
/* End PBXContainerItemProxy section */

/* Begin PBXFileReference section */
		FDB23EF01985955000A91973 /* Passing Data Challenge Solution.app */ = {isa = PBXFileReference; explicitFileType = wrapper.application; includeInIndex = 0; path = "Passing Data Challenge Solution.app"; sourceTree = BUILT_PRODUCTS_DIR; };
		FDB23EF31985955000A91973 /* Foundation.framework */ = {isa = PBXFileReference; lastKnownFileType = wrapper.framework; name = Foundation.framework; path = System/Library/Frameworks/Foundation.framework; sourceTree = SDKROOT; };
		FDB23EF51985955000A91973 /* CoreGraphics.framework */ = {isa = PBXFileReference; lastKnownFileType = wrapper.framework; name = CoreGraphics.framework; path = System/Library/Frameworks/CoreGraphics.framework; sourceTree = SDKROOT; };
		FDB23EF71985955000A91973 /* UIKit.framework */ = {isa = PBXFileReference; lastKnownFileType = wrapper.framework; name = UIKit.framework; path = System/Library/Frameworks/UIKit.framework; sourceTree = SDKROOT; };
		FDB23EFB1985955000A91973 /* Passing Data Challenge Solution-Info.plist */ = {isa = PBXFileReference; lastKnownFileType = text.plist.xml; path = "Passing Data Challenge Solution-Info.plist"; sourceTree = "<group>"; };
		FDB23EFD1985955000A91973 /* en */ = {isa = PBXFileReference; lastKnownFileType = text.plist.strings; name = en; path = en.lproj/InfoPlist.strings; sourceTree = "<group>"; };
		FDB23EFF1985955000A91973 /* main.m */ = {isa = PBXFileReference; lastKnownFileType = sourcecode.c.objc; path = main.m; sourceTree = "<group>"; };
		FDB23F011985955000A91973 /* Passing Data Challenge Solution-Prefix.pch */ = {isa = PBXFileReference; lastKnownFileType = sourcecode.c.h; path = "Passing Data Challenge Solution-Prefix.pch"; sourceTree = "<group>"; };
		FDB23F021985955000A91973 /* DFAppDelegate.h */ = {isa = PBXFileReference; lastKnownFileType = sourcecode.c.h; path = DFAppDelegate.h; sourceTree = "<group>"; };
		FDB23F031985955000A91973 /* DFAppDelegate.m */ = {isa = PBXFileReference; lastKnownFileType = sourcecode.c.objc; path = DFAppDelegate.m; sourceTree = "<group>"; };
		FDB23F061985955000A91973 /* Base */ = {isa = PBXFileReference; lastKnownFileType = file.storyboard; name = Base; path = Base.lproj/Main.storyboard; sourceTree = "<group>"; };
		FDB23F081985955000A91973 /* DFViewController.h */ = {isa = PBXFileReference; lastKnownFileType = sourcecode.c.h; path = DFViewController.h; sourceTree = "<group>"; };
		FDB23F091985955000A91973 /* DFViewController.m */ = {isa = PBXFileReference; lastKnownFileType = sourcecode.c.objc; path = DFViewController.m; sourceTree = "<group>"; };
		FDB23F0B1985955000A91973 /* Images.xcassets */ = {isa = PBXFileReference; lastKnownFileType = folder.assetcatalog; path = Images.xcassets; sourceTree = "<group>"; };
		FDB23F111985955000A91973 /* Passing Data Challenge SolutionTests.xctest */ = {isa = PBXFileReference; explicitFileType = wrapper.cfbundle; includeInIndex = 0; path = "Passing Data Challenge SolutionTests.xctest"; sourceTree = BUILT_PRODUCTS_DIR; };
		FDB23F121985955000A91973 /* XCTest.framework */ = {isa = PBXFileReference; lastKnownFileType = wrapper.framework; name = XCTest.framework; path = Library/Frameworks/XCTest.framework; sourceTree = DEVELOPER_DIR; };
		FDB23F1A1985955000A91973 /* Passing Data Challenge SolutionTests-Info.plist */ = {isa = PBXFileReference; lastKnownFileType = text.plist.xml; path = "Passing Data Challenge SolutionTests-Info.plist"; sourceTree = "<group>"; };
		FDB23F1C1985955000A91973 /* en */ = {isa = PBXFileReference; lastKnownFileType = text.plist.strings; name = en; path = en.lproj/InfoPlist.strings; sourceTree = "<group>"; };
		FDB23F1E1985955000A91973 /* Passing_Data_Challenge_SolutionTests.m */ = {isa = PBXFileReference; lastKnownFileType = sourcecode.c.objc; path = Passing_Data_Challenge_SolutionTests.m; sourceTree = "<group>"; };
		FDB23F281985966300A91973 /* DFDetailViewController.h */ = {isa = PBXFileReference; fileEncoding = 4; lastKnownFileType = sourcecode.c.h; path = DFDetailViewController.h; sourceTree = "<group>"; };
		FDB23F291985966300A91973 /* DFDetailViewController.m */ = {isa = PBXFileReference; fileEncoding = 4; lastKnownFileType = sourcecode.c.objc; path = DFDetailViewController.m; sourceTree = "<group>"; };
/* End PBXFileReference section */

/* Begin PBXFrameworksBuildPhase section */
		FDB23EED1985955000A91973 /* Frameworks */ = {
			isa = PBXFrameworksBuildPhase;
			buildActionMask = 2147483647;
			files = (
				FDB23EF61985955000A91973 /* CoreGraphics.framework in Frameworks */,
				FDB23EF81985955000A91973 /* UIKit.framework in Frameworks */,
				FDB23EF41985955000A91973 /* Foundation.framework in Frameworks */,
			);
			runOnlyForDeploymentPostprocessing = 0;
		};
		FDB23F0E1985955000A91973 /* Frameworks */ = {
			isa = PBXFrameworksBuildPhase;
			buildActionMask = 2147483647;
			files = (
				FDB23F131985955000A91973 /* XCTest.framework in Frameworks */,
				FDB23F151985955000A91973 /* UIKit.framework in Frameworks */,
				FDB23F141985955000A91973 /* Foundation.framework in Frameworks */,
			);
			runOnlyForDeploymentPostprocessing = 0;
		};
/* End PBXFrameworksBuildPhase section */

/* Begin PBXGroup section */
		FDB23EE71985955000A91973 = {
			isa = PBXGroup;
			children = (
				FDB23EF91985955000A91973 /* Passing Data Challenge Solution */,
				FDB23F181985955000A91973 /* Passing Data Challenge SolutionTests */,
				FDB23EF21985955000A91973 /* Frameworks */,
				FDB23EF11985955000A91973 /* Products */,
			);
			sourceTree = "<group>";
		};
		FDB23EF11985955000A91973 /* Products */ = {
			isa = PBXGroup;
			children = (
				FDB23EF01985955000A91973 /* Passing Data Challenge Solution.app */,
				FDB23F111985955000A91973 /* Passing Data Challenge SolutionTests.xctest */,
			);
			name = Products;
			sourceTree = "<group>";
		};
		FDB23EF21985955000A91973 /* Frameworks */ = {
			isa = PBXGroup;
			children = (
				FDB23EF31985955000A91973 /* Foundation.framework */,
				FDB23EF51985955000A91973 /* CoreGraphics.framework */,
				FDB23EF71985955000A91973 /* UIKit.framework */,
				FDB23F121985955000A91973 /* XCTest.framework */,
			);
			name = Frameworks;
			sourceTree = "<group>";
		};
		FDB23EF91985955000A91973 /* Passing Data Challenge Solution */ = {
			isa = PBXGroup;
			children = (
				FDB23F021985955000A91973 /* DFAppDelegate.h */,
				FDB23F031985955000A91973 /* DFAppDelegate.m */,
				FDB23F051985955000A91973 /* Main.storyboard */,
				FDB23F081985955000A91973 /* DFViewController.h */,
				FDB23F091985955000A91973 /* DFViewController.m */,
				FDB23F281985966300A91973 /* DFDetailViewController.h */,
				FDB23F291985966300A91973 /* DFDetailViewController.m */,
				FDB23F0B1985955000A91973 /* Images.xcassets */,
				FDB23EFA1985955000A91973 /* Supporting Files */,
			);
			path = "Passing Data Challenge Solution";
			sourceTree = "<group>";
		};
		FDB23EFA1985955000A91973 /* Supporting Files */ = {
			isa = PBXGroup;
			children = (
				FDB23EFB1985955000A91973 /* Passing Data Challenge Solution-Info.plist */,
				FDB23EFC1985955000A91973 /* InfoPlist.strings */,
				FDB23EFF1985955000A91973 /* main.m */,
				FDB23F011985955000A91973 /* Passing Data Challenge Solution-Prefix.pch */,
			);
			name = "Supporting Files";
			sourceTree = "<group>";
		};
		FDB23F181985955000A91973 /* Passing Data Challenge SolutionTests */ = {
			isa = PBXGroup;
			children = (
				FDB23F1E1985955000A91973 /* Passing_Data_Challenge_SolutionTests.m */,
				FDB23F191985955000A91973 /* Supporting Files */,
			);
			path = "Passing Data Challenge SolutionTests";
			sourceTree = "<group>";
		};
		FDB23F191985955000A91973 /* Supporting Files */ = {
			isa = PBXGroup;
			children = (
				FDB23F1A1985955000A91973 /* Passing Data Challenge SolutionTests-Info.plist */,
				FDB23F1B1985955000A91973 /* InfoPlist.strings */,
			);
			name = "Supporting Files";
			sourceTree = "<group>";
		};
/* End PBXGroup section */

/* Begin PBXNativeTarget section */
		FDB23EEF1985955000A91973 /* Passing Data Challenge Solution */ = {
			isa = PBXNativeTarget;
			buildConfigurationList = FDB23F221985955000A91973 /* Build configuration list for PBXNativeTarget "Passing Data Challenge Solution" */;
			buildPhases = (
				FDB23EEC1985955000A91973 /* Sources */,
				FDB23EED1985955000A91973 /* Frameworks */,
				FDB23EEE1985955000A91973 /* Resources */,
			);
			buildRules = (
			);
			dependencies = (
			);
			name = "Passing Data Challenge Solution";
			productName = "Passing Data Challenge Solution";
			productReference = FDB23EF01985955000A91973 /* Passing Data Challenge Solution.app */;
			productType = "com.apple.product-type.application";
		};
		FDB23F101985955000A91973 /* Passing Data Challenge SolutionTests */ = {
			isa = PBXNativeTarget;
			buildConfigurationList = FDB23F251985955000A91973 /* Build configuration list for PBXNativeTarget "Passing Data Challenge SolutionTests" */;
			buildPhases = (
				FDB23F0D1985955000A91973 /* Sources */,
				FDB23F0E1985955000A91973 /* Frameworks */,
				FDB23F0F1985955000A91973 /* Resources */,
			);
			buildRules = (
			);
			dependencies = (
				FDB23F171985955000A91973 /* PBXTargetDependency */,
			);
			name = "Passing Data Challenge SolutionTests";
			productName = "Passing Data Challenge SolutionTests";
			productReference = FDB23F111985955000A91973 /* Passing Data Challenge SolutionTests.xctest */;
			productType = "com.apple.product-type.bundle.unit-test";
		};
/* End PBXNativeTarget section */

/* Begin PBXProject section */
		FDB23EE81985955000A91973 /* Project object */ = {
			isa = PBXProject;
			attributes = {
				CLASSPREFIX = DF;
				LastUpgradeCheck = 0510;
				ORGANIZATIONNAME = "Daren Fankhauser";
				TargetAttributes = {
					FDB23F101985955000A91973 = {
						TestTargetID = FDB23EEF1985955000A91973;
					};
				};
			};
			buildConfigurationList = FDB23EEB1985955000A91973 /* Build configuration list for PBXProject "Passing Data Challenge Solution" */;
			compatibilityVersion = "Xcode 3.2";
			developmentRegion = English;
			hasScannedForEncodings = 0;
			knownRegions = (
				en,
				Base,
			);
			mainGroup = FDB23EE71985955000A91973;
			productRefGroup = FDB23EF11985955000A91973 /* Products */;
			projectDirPath = "";
			projectRoot = "";
			targets = (
				FDB23EEF1985955000A91973 /* Passing Data Challenge Solution */,
				FDB23F101985955000A91973 /* Passing Data Challenge SolutionTests */,
			);
		};
/* End PBXProject section */

/* Begin PBXResourcesBuildPhase section */
		FDB23EEE1985955000A91973 /* Resources */ = {
			isa = PBXResourcesBuildPhase;
			buildActionMask = 2147483647;
			files = (
				FDB23F0C1985955000A91973 /* Images.xcassets in Resources */,
				FDB23EFE1985955000A91973 /* InfoPlist.strings in Resources */,
				FDB23F071985955000A91973 /* Main.storyboard in Resources */,
			);
			runOnlyForDeploymentPostprocessing = 0;
		};
		FDB23F0F1985955000A91973 /* Resources */ = {
			isa = PBXResourcesBuildPhase;
			buildActionMask = 2147483647;
			files = (
				FDB23F1D1985955000A91973 /* InfoPlist.strings in Resources */,
			);
			runOnlyForDeploymentPostprocessing = 0;
		};
/* End PBXResourcesBuildPhase section */

/* Begin PBXSourcesBuildPhase section */
		FDB23EEC1985955000A91973 /* Sources */ = {
			isa = PBXSourcesBuildPhase;
			buildActionMask = 2147483647;
			files = (
				FDB23F041985955000A91973 /* DFAppDelegate.m in Sources */,
				FDB23F0A1985955000A91973 /* DFViewController.m in Sources */,
				FDB23F001985955000A91973 /* main.m in Sources */,
				FDB23F2A1985966300A91973 /* DFDetailViewController.m in Sources */,
			);
			runOnlyForDeploymentPostprocessing = 0;
		};
		FDB23F0D1985955000A91973 /* Sources */ = {
			isa = PBXSourcesBuildPhase;
			buildActionMask = 2147483647;
			files = (
				FDB23F1F1985955000A91973 /* Passing_Data_Challenge_SolutionTests.m in Sources */,
			);
			runOnlyForDeploymentPostprocessing = 0;
		};
/* End PBXSourcesBuildPhase section */

/* Begin PBXTargetDependency section */
		FDB23F171985955000A91973 /* PBXTargetDependency */ = {
			isa = PBXTargetDependency;
			target = FDB23EEF1985955000A91973 /* Passing Data Challenge Solution */;
			targetProxy = FDB23F161985955000A91973 /* PBXContainerItemProxy */;
		};
/* End PBXTargetDependency section */

/* Begin PBXVariantGroup section */
		FDB23EFC1985955000A91973 /* InfoPlist.strings */ = {
			isa = PBXVariantGroup;
			children = (
				FDB23EFD1985955000A91973 /* en */,
			);
			name = InfoPlist.strings;
			sourceTree = "<group>";
		};
		FDB23F051985955000A91973 /* Main.storyboard */ = {
			isa = PBXVariantGroup;
			children = (
				FDB23F061985955000A91973 /* Base */,
			);
			name = Main.storyboard;
			sourceTree = "<group>";
		};
		FDB23F1B1985955000A91973 /* InfoPlist.strings */ = {
			isa = PBXVariantGroup;
			children = (
				FDB23F1C1985955000A91973 /* en */,
			);
			name = InfoPlist.strings;
			sourceTree = "<group>";
		};
/* End PBXVariantGroup section */

/* Begin XCBuildConfiguration section */
		FDB23F201985955000A91973 /* Debug */ = {
			isa = XCBuildConfiguration;
			buildSettings = {
				ALWAYS_SEARCH_USER_PATHS = NO;
				CLANG_CXX_LANGUAGE_STANDARD = "gnu++0x";
				CLANG_CXX_LIBRARY = "libc++";
				CLANG_ENABLE_MODULES = YES;
				CLANG_ENABLE_OBJC_ARC = YES;
				CLANG_WARN_BOOL_CONVERSION = YES;
				CLANG_WARN_CONSTANT_CONVERSION = YES;
				CLANG_WARN_DIRECT_OBJC_ISA_USAGE = YES_ERROR;
				CLANG_WARN_EMPTY_BODY = YES;
				CLANG_WARN_ENUM_CONVERSION = YES;
				CLANG_WARN_INT_CONVERSION = YES;
				CLANG_WARN_OBJC_ROOT_CLASS = YES_ERROR;
				CLANG_WARN__DUPLICATE_METHOD_MATCH = YES;
				"CODE_SIGN_IDENTITY[sdk=iphoneos*]" = "iPhone Developer";
				COPY_PHASE_STRIP = NO;
				GCC_C_LANGUAGE_STANDARD = gnu99;
				GCC_DYNAMIC_NO_PIC = NO;
				GCC_OPTIMIZATION_LEVEL = 0;
				GCC_PREPROCESSOR_DEFINITIONS = (
					"DEBUG=1",
					"$(inherited)",
				);
				GCC_SYMBOLS_PRIVATE_EXTERN = NO;
				GCC_WARN_64_TO_32_BIT_CONVERSION = YES;
				GCC_WARN_ABOUT_RETURN_TYPE = YES_ERROR;
				GCC_WARN_UNDECLARED_SELECTOR = YES;
				GCC_WARN_UNINITIALIZED_AUTOS = YES_AGGRESSIVE;
				GCC_WARN_UNUSED_FUNCTION = YES;
				GCC_WARN_UNUSED_VARIABLE = YES;
				IPHONEOS_DEPLOYMENT_TARGET = 7.1;
				ONLY_ACTIVE_ARCH = YES;
				SDKROOT = iphoneos;
			};
			name = Debug;
		};
		FDB23F211985955000A91973 /* Release */ = {
			isa = XCBuildConfiguration;
			buildSettings = {
				ALWAYS_SEARCH_USER_PATHS = NO;
				CLANG_CXX_LANGUAGE_STANDARD = "gnu++0x";
				CLANG_CXX_LIBRARY = "libc++";
				CLANG_ENABLE_MODULES = YES;
				CLANG_ENABLE_OBJC_ARC = YES;
				CLANG_WARN_BOOL_CONVERSION = YES;
				CLANG_WARN_CONSTANT_CONVERSION = YES;
				CLANG_WARN_DIRECT_OBJC_ISA_USAGE = YES_ERROR;
				CLANG_WARN_EMPTY_BODY = YES;
				CLANG_WARN_ENUM_CONVERSION = YES;
				CLANG_WARN_INT_CONVERSION = YES;
				CLANG_WARN_OBJC_ROOT_CLASS = YES_ERROR;
				CLANG_WARN__DUPLICATE_METHOD_MATCH = YES;
				"CODE_SIGN_IDENTITY[sdk=iphoneos*]" = "iPhone Developer";
				COPY_PHASE_STRIP = YES;
				ENABLE_NS_ASSERTIONS = NO;
				GCC_C_LANGUAGE_STANDARD = gnu99;
				GCC_WARN_64_TO_32_BIT_CONVERSION = YES;
				GCC_WARN_ABOUT_RETURN_TYPE = YES_ERROR;
				GCC_WARN_UNDECLARED_SELECTOR = YES;
				GCC_WARN_UNINITIALIZED_AUTOS = YES_AGGRESSIVE;
				GCC_WARN_UNUSED_FUNCTION = YES;
				GCC_WARN_UNUSED_VARIABLE = YES;
				IPHONEOS_DEPLOYMENT_TARGET = 7.1;
				SDKROOT = iphoneos;
				VALIDATE_PRODUCT = YES;
			};
			name = Release;
		};
		FDB23F231985955000A91973 /* Debug */ = {
			isa = XCBuildConfiguration;
			buildSettings = {
				ASSETCATALOG_COMPILER_APPICON_NAME = AppIcon;
				ASSETCATALOG_COMPILER_LAUNCHIMAGE_NAME = LaunchImage;
				GCC_PRECOMPILE_PREFIX_HEADER = YES;
				GCC_PREFIX_HEADER = "Passing Data Challenge Solution/Passing Data Challenge Solution-Prefix.pch";
				INFOPLIST_FILE = "Passing Data Challenge Solution/Passing Data Challenge Solution-Info.plist";
				PRODUCT_NAME = "$(TARGET_NAME)";
				WRAPPER_EXTENSION = app;
			};
			name = Debug;
		};
		FDB23F241985955000A91973 /* Release */ = {
			isa = XCBuildConfiguration;
			buildSettings = {
				ASSETCATALOG_COMPILER_APPICON_NAME = AppIcon;
				ASSETCATALOG_COMPILER_LAUNCHIMAGE_NAME = LaunchImage;
				GCC_PRECOMPILE_PREFIX_HEADER = YES;
				GCC_PREFIX_HEADER = "Passing Data Challenge Solution/Passing Data Challenge Solution-Prefix.pch";
				INFOPLIST_FILE = "Passing Data Challenge Solution/Passing Data Challenge Solution-Info.plist";
				PRODUCT_NAME = "$(TARGET_NAME)";
				WRAPPER_EXTENSION = app;
			};
			name = Release;
		};
		FDB23F261985955000A91973 /* Debug */ = {
			isa = XCBuildConfiguration;
			buildSettings = {
				BUNDLE_LOADER = "$(BUILT_PRODUCTS_DIR)/Passing Data Challenge Solution.app/Passing Data Challenge Solution";
				FRAMEWORK_SEARCH_PATHS = (
					"$(SDKROOT)/Developer/Library/Frameworks",
					"$(inherited)",
					"$(DEVELOPER_FRAMEWORKS_DIR)",
				);
				GCC_PRECOMPILE_PREFIX_HEADER = YES;
				GCC_PREFIX_HEADER = "Passing Data Challenge Solution/Passing Data Challenge Solution-Prefix.pch";
				GCC_PREPROCESSOR_DEFINITIONS = (
					"DEBUG=1",
					"$(inherited)",
				);
				INFOPLIST_FILE = "Passing Data Challenge SolutionTests/Passing Data Challenge SolutionTests-Info.plist";
				PRODUCT_NAME = "$(TARGET_NAME)";
				TEST_HOST = "$(BUNDLE_LOADER)";
				WRAPPER_EXTENSION = xctest;
			};
			name = Debug;
		};
		FDB23F271985955000A91973 /* Release */ = {
			isa = XCBuildConfiguration;
			buildSettings = {
				BUNDLE_LOADER = "$(BUILT_PRODUCTS_DIR)/Passing Data Challenge Solution.app/Passing Data Challenge Solution";
				FRAMEWORK_SEARCH_PATHS = (
					"$(SDKROOT)/Developer/Library/Frameworks",
					"$(inherited)",
					"$(DEVELOPER_FRAMEWORKS_DIR)",
				);
				GCC_PRECOMPILE_PREFIX_HEADER = YES;
				GCC_PREFIX_HEADER = "Passing Data Challenge Solution/Passing Data Challenge Solution-Prefix.pch";
				INFOPLIST_FILE = "Passing Data Challenge SolutionTests/Passing Data Challenge SolutionTests-Info.plist";
				PRODUCT_NAME = "$(TARGET_NAME)";
				TEST_HOST = "$(BUNDLE_LOADER)";
				WRAPPER_EXTENSION = xctest;
			};
			name = Release;
		};
/* End XCBuildConfiguration section */

/* Begin XCConfigurationList section */
		FDB23EEB1985955000A91973 /* Build configuration list for PBXProject "Passing Data Challenge Solution" */ = {
			isa = XCConfigurationList;
			buildConfigurations = (
				FDB23F201985955000A91973 /* Debug */,
				FDB23F211985955000A91973 /* Release */,
			);
			defaultConfigurationIsVisible = 0;
			defaultConfigurationName = Release;
		};
		FDB23F221985955000A91973 /* Build configuration list for PBXNativeTarget "Passing Data Challenge Solution" */ = {
			isa = XCConfigurationList;
			buildConfigurations = (
				FDB23F231985955000A91973 /* Debug */,
				FDB23F241985955000A91973 /* Release */,
			);
			defaultConfigurationIsVisible = 0;
		};
		FDB23F251985955000A91973 /* Build configuration list for PBXNativeTarget "Passing Data Challenge SolutionTests" */ = {
			isa = XCConfigurationList;
			buildConfigurations = (
				FDB23F261985955000A91973 /* Debug */,
				FDB23F271985955000A91973 /* Release */,
			);
			defaultConfigurationIsVisible = 0;
		};
/* End XCConfigurationList section */
	};
	rootObject = FDB23EE81985955000A91973 /* Project object */;
}
